<?xml version="1.0" encoding="utf-8"?>
<Project ToolsVersion="4.0" xmlns="http://schemas.microsoft.com/developer/msbuild/2003">
  <ItemGroup>
    <ApplicationDefinition Include="App.xaml" />
  </ItemGroup>
  <ItemGroup>
    <Page Include="MainWindow.xaml" />
  </ItemGroup>
  <ItemGroup>
    <Midl Include="MainWindow.idl" />
  </ItemGroup>
  <ItemGroup>
    <ClCompile Include="pch.cpp" />
    <ClCompile Include="$(GeneratedFilesDir)module.g.cpp" />
    <ClCompile Include="DuplicationThread.cpp" />
    <ClCompile Include="EffectWindow.cpp" />
    <ClCompile Include="OutputManager.cpp" />
  </ItemGroup>
  <ItemGroup>
    <ClInclude Include="pch.h" />
    <ClInclude Include="DuplicationThread.h" />
    <ClInclude Include="EffectWindow.h" />
    <ClInclude Include="OutputManager.h" />
    <ClInclude Include="Subscription.h" />
    <ClInclude Include="EffectSettings.h" />
  </ItemGroup>
  <ItemGroup>
    <Image Include="Assets\Wide310x150Logo.scale-200.png">
      <Filter>Assets</Filter>
    </Image>
    <Image Include="Assets\StoreLogo.png">
      <Filter>Assets</Filter>
    </Image>
    <Image Include="Assets\Square150x150Logo.scale-200.png">
      <Filter>Assets</Filter>
    </Image>
    <Image Include="Assets\Square44x44Logo.targetsize-24_altform-unplated.png">
      <Filter>Assets</Filter>
    </Image>
    <Image Include="Assets\Square44x44Logo.scale-200.png">
      <Filter>Assets</Filter>
    </Image>
    <Image Include="Assets\SplashScreen.scale-200.png">
      <Filter>Assets</Filter>
    </Image>
    <Image Include="Assets\LockScreenLogo.scale-200.png">
      <Filter>Assets</Filter>
    </Image>
  </ItemGroup>
  <ItemGroup>
    <Filter Include="Assets">
      <UniqueIdentifier>{3dd4c353-abdd-4347-9e74-8d8010147fbb}</UniqueIdentifier>
    </Filter>
  </ItemGroup>
  <ItemGroup>
    <Text Include="readme.txt" />
  </ItemGroup>
  <ItemGroup>
    <Manifest Include="app.manifest" />
  </ItemGroup>
  <ItemGroup>
    <AppxManifest Include="Package.appxmanifest" />
  </ItemGroup>
  <ItemGroup>
    <None Include="packages.config" />
  </ItemGroup>
  <ItemGroup>
    <Natvis Include="$(MSBuildThisFileDirectory)..\..\natvis\wil.natvis" />
    <Natvis Include="$(MSBuildThisFileDirectory)..\..\natvis\wil.natstepfilter" />
  </ItemGroup>
  <ItemGroup>
    <Media Include="Assets\add.svg">
      <Filter>Assets</Filter>
    </Media>
    <Media Include="Assets\filter.svg">
      <Filter>Assets</Filter>
    </Media>
    <Media Include="Assets\glasses_off.svg">
      <Filter>Assets</Filter>
    </Media>
    <Media Include="Assets\glasses_on.svg">
      <Filter>Assets</Filter>
    </Media>
    <Media Include="Assets\grayscale_off.svg">
      <Filter>Assets</Filter>
    </Media>
    <Media Include="Assets\grayscale_on.svg">
      <Filter>Assets</Filter>
    </Media>
    <Media Include="Assets\hide.svg">
      <Filter>Assets</Filter>
    </Media>
    <Media Include="Assets\invert_off.svg">
      <Filter>Assets</Filter>
    </Media>
    <Media Include="Assets\invert_on.svg">
      <Filter>Assets</Filter>
    </Media>
    <Media Include="Assets\remove.svg">
      <Filter>Assets</Filter>
    </Media>
    <Media Include="Assets\settings.svg">
      <Filter>Assets</Filter>
    </Media>
    <Media Include="Assets\show.svg">
      <Filter>Assets</Filter>
    </Media>
  </ItemGroup>
</Project>